PODS:
  - Alamofire (4.2.0)
  - AMScrollingNavbar (3.0.0)
  - FaveButton (2.0.2)
  - ImagePicker (2.0.0)
  - Jelly (1.0.2)
  - Kingfisher (3.2.1)
  - NVActivityIndicatorView (3.0)
  - PullToMakeSoup (2.0):
    - PullToRefresher (~> 2.0)
  - PullToRefresher (2.0.2)
  - RAMPaperSwitch (2.0.2)
  - Realm (2.1.0):
    - Realm/Headers (= 2.1.0)
  - Realm/Headers (2.1.0)
  - RealmSwift (2.1.0):
    - Realm (= 2.1.0)

DEPENDENCIES:
  - Alamofire (~> 4.0)
  - AMScrollingNavbar
  - FaveButton
  - ImagePicker
  - Jelly
  - Kingfisher (~> 3.0)
  - NVActivityIndicatorView
  - PullToMakeSoup (~> 2.0)
  - RAMPaperSwitch (~> 2.0.0)
  - RealmSwift

SPEC CHECKSUMS:
  Alamofire: aa2e09d871c9160ac53c90e83c68064a94e3dfbe
  AMScrollingNavbar: aa894c559c80ffa917d0fdc40d8b42be7c6efe15
  FaveButton: e26f7964669b4befda7d92a6779be7b2a70ab161
  ImagePicker: 81175d36c2852cb543cb4f5d6c19e28f3e8d90eb
  Jelly: a2d6e756245bd678ebdaf5fd3923b3a43a87453f
  Kingfisher: 64ef28c6d3d6f344e3ae2d7f5c9da80439505d99
  NVActivityIndicatorView: 81953b5e65093ba79edf4fe7268e002039ca5268
  PullToMakeSoup: 384a57220e1c197220427494d5959dda73400435
  PullToRefresher: 5e101a8c3523e67ee0291375ba932ef59e0853c2
  RAMPaperSwitch: 1b7a2cd640a0e5beda0e280ecb33c5704a3e20d1
  Realm: bc829ad0ef3d4eea70c34cfcc3b1704d18d50df1
  RealmSwift: a4d4abbf0088c337cab5b738054395842e4b3052

PODFILE CHECKSUM: c340e818bc84ce806e23807873c7fcc47de282cf

COCOAPODS: 1.2.0.beta.1
